
Microsoft Visual Studio Solution File, Format Version 12.00
# Visual Studio Version 16
VisualStudioVersion = 16.0.32002.261
MinimumVisualStudioVersion = 10.0.40219.1
Project("{FAE04EC0-301F-11D3-BF4B-00C04F79EFBC}") = "ShoppingList.Android", "ShoppingList\ShoppingList.Android\ShoppingList.Android.csproj", "{BFF35F4A-2E13-44A1-9D35-AB27444A1F38}"
EndProject
Project("{FAE04EC0-301F-11D3-BF4B-00C04F79EFBC}") = "ShoppingList", "ShoppingList\ShoppingList\ShoppingList.csproj", "{8ECA5909-D91B-44F3-9BEB-AEC147FCC1FB}"
EndProject
Global
	GlobalSection(SolutionConfigurationPlatforms) = preSolution
		Debug|Any CPU = Debug|Any CPU
		Release|Any CPU = Release|Any CPU
	EndGlobalSection
	GlobalSection(ProjectConfigurationPlatforms) = postSolution
		{BFF35F4A-2E13-44A1-9D35-AB27444A1F38}.Debug|Any CPU.ActiveCfg = Debug|Any CPU
		{BFF35F4A-2E13-44A1-9D35-AB27444A1F38}.Debug|Any CPU.Build.0 = Debug|Any CPU
		{BFF35F4A-2E13-44A1-9D35-AB27444A1F38}.Debug|Any CPU.Deploy.0 = Debug|Any CPU
		{BFF35F4A-2E13-44A1-9D35-AB27444A1F38}.Release|Any CPU.ActiveCfg = Release|Any CPU
		{BFF35F4A-2E13-44A1-9D35-AB27444A1F38}.Release|Any CPU.Build.0 = Release|Any CPU
		{BFF35F4A-2E13-44A1-9D35-AB27444A1F38}.Release|Any CPU.Deploy.0 = Release|Any CPU
		{8ECA5909-D91B-44F3-9BEB-AEC147FCC1FB}.Debug|Any CPU.ActiveCfg = Debug|Any CPU
		{8ECA5909-D91B-44F3-9BEB-AEC147FCC1FB}.Debug|Any CPU.Build.0 = Debug|Any CPU
		{8ECA5909-D91B-44F3-9BEB-AEC147FCC1FB}.Debug|Any CPU.Deploy.0 = Debug|Any CPU
		{8ECA5909-D91B-44F3-9BEB-AEC147FCC1FB}.Release|Any CPU.ActiveCfg = Release|Any CPU
		{8ECA5909-D91B-44F3-9BEB-AEC147FCC1FB}.Release|Any CPU.Build.0 = Release|Any CPU
		{8ECA5909-D91B-44F3-9BEB-AEC147FCC1FB}.Release|Any CPU.Deploy.0 = Release|Any CPU
	EndGlobalSection
	GlobalSection(SolutionProperties) = preSolution
		HideSolutionNode = FALSE
	EndGlobalSection
	GlobalSection(ExtensibilityGlobals) = postSolution
		SolutionGuid = {C0D4FBE0-A806-4088-A519-F673A818DA3D}
	EndGlobalSection
EndGlobal
